// !$*UTF8*$!
{
	archiveVersion = 1;
	classes = {
	};
	objectVersion = 46;
	objects = {

/* Begin PBXBuildFile section */
		8153377E1B10240900FC5DA5 /* AppDelegate.swift in Sources */ = {isa = PBXBuildFile; fileRef = 8153377D1B10240900FC5DA5 /* AppDelegate.swift */; };
		815337801B10240900FC5DA5 /* GameScene.sks in Resources */ = {isa = PBXBuildFile; fileRef = 8153377F1B10240900FC5DA5 /* GameScene.sks */; };
		815337821B10240900FC5DA5 /* GameScene.swift in Sources */ = {isa = PBXBuildFile; fileRef = 815337811B10240900FC5DA5 /* GameScene.swift */; };
		815337841B10240900FC5DA5 /* GameViewController.swift in Sources */ = {isa = PBXBuildFile; fileRef = 815337831B10240900FC5DA5 /* GameViewController.swift */; };
		815337871B10240900FC5DA5 /* Main.storyboard in Resources */ = {isa = PBXBuildFile; fileRef = 815337851B10240900FC5DA5 /* Main.storyboard */; };
		815337891B10240900FC5DA5 /* Images.xcassets in Resources */ = {isa = PBXBuildFile; fileRef = 815337881B10240900FC5DA5 /* Images.xcassets */; };
		8153378C1B10240900FC5DA5 /* LaunchScreen.xib in Resources */ = {isa = PBXBuildFile; fileRef = 8153378A1B10240900FC5DA5 /* LaunchScreen.xib */; };
		815337981B10240900FC5DA5 /* SpriteImageTestTests.swift in Sources */ = {isa = PBXBuildFile; fileRef = 815337971B10240900FC5DA5 /* SpriteImageTestTests.swift */; };
		815337A31B1025E000FC5DA5 /* AssetManager.swift in Sources */ = {isa = PBXBuildFile; fileRef = 815337A11B1025E000FC5DA5 /* AssetManager.swift */; };
		815337A41B1025E000FC5DA5 /* ImageManager.swift in Sources */ = {isa = PBXBuildFile; fileRef = 815337A21B1025E000FC5DA5 /* ImageManager.swift */; };
		815337A61B10284900FC5DA5 /* ImageSprite.swift in Sources */ = {isa = PBXBuildFile; fileRef = 815337A51B10284900FC5DA5 /* ImageSprite.swift */; };
		816B7E971B17E0920021C6DB /* SectionBar.png in Resources */ = {isa = PBXBuildFile; fileRef = 816B7E961B17E0920021C6DB /* SectionBar.png */; };
/* End PBXBuildFile section */

/* Begin PBXContainerItemProxy section */
		815337921B10240900FC5DA5 /* PBXContainerItemProxy */ = {
			isa = PBXContainerItemProxy;
			containerPortal = 815337701B10240900FC5DA5 /* Project object */;
			proxyType = 1;
			remoteGlobalIDString = 815337771B10240900FC5DA5;
			remoteInfo = SpriteImageTest;
		};
/* End PBXContainerItemProxy section */

/* Begin PBXFileReference section */
		815337781B10240900FC5DA5 /* SpriteImageTest.app */ = {isa = PBXFileReference; explicitFileType = wrapper.application; includeInIndex = 0; path = SpriteImageTest.app; sourceTree = BUILT_PRODUCTS_DIR; };
		8153377C1B10240900FC5DA5 /* Info.plist */ = {isa = PBXFileReference; lastKnownFileType = text.plist.xml; path = Info.plist; sourceTree = "<group>"; };
		8153377D1B10240900FC5DA5 /* AppDelegate.swift */ = {isa = PBXFileReference; lastKnownFileType = sourcecode.swift; path = AppDelegate.swift; sourceTree = "<group>"; };
		8153377F1B10240900FC5DA5 /* GameScene.sks */ = {isa = PBXFileReference; lastKnownFileType = file.sks; path = GameScene.sks; sourceTree = "<group>"; };
		815337811B10240900FC5DA5 /* GameScene.swift */ = {isa = PBXFileReference; lastKnownFileType = sourcecode.swift; path = GameScene.swift; sourceTree = "<group>"; };
		815337831B10240900FC5DA5 /* GameViewController.swift */ = {isa = PBXFileReference; lastKnownFileType = sourcecode.swift; path = GameViewController.swift; sourceTree = "<group>"; };
		815337861B10240900FC5DA5 /* Base */ = {isa = PBXFileReference; lastKnownFileType = file.storyboard; name = Base; path = Base.lproj/Main.storyboard; sourceTree = "<group>"; };
		815337881B10240900FC5DA5 /* Images.xcassets */ = {isa = PBXFileReference; lastKnownFileType = folder.assetcatalog; path = Images.xcassets; sourceTree = "<group>"; };
		8153378B1B10240900FC5DA5 /* Base */ = {isa = PBXFileReference; lastKnownFileType = file.xib; name = Base; path = Base.lproj/LaunchScreen.xib; sourceTree = "<group>"; };
		815337911B10240900FC5DA5 /* SpriteImageTestTests.xctest */ = {isa = PBXFileReference; explicitFileType = wrapper.cfbundle; includeInIndex = 0; path = SpriteImageTestTests.xctest; sourceTree = BUILT_PRODUCTS_DIR; };
		815337961B10240900FC5DA5 /* Info.plist */ = {isa = PBXFileReference; lastKnownFileType = text.plist.xml; path = Info.plist; sourceTree = "<group>"; };
		815337971B10240900FC5DA5 /* SpriteImageTestTests.swift */ = {isa = PBXFileReference; lastKnownFileType = sourcecode.swift; path = SpriteImageTestTests.swift; sourceTree = "<group>"; };
		815337A11B1025E000FC5DA5 /* AssetManager.swift */ = {isa = PBXFileReference; fileEncoding = 4; lastKnownFileType = sourcecode.swift; path = AssetManager.swift; sourceTree = "<group>"; };
		815337A21B1025E000FC5DA5 /* ImageManager.swift */ = {isa = PBXFileReference; fileEncoding = 4; lastKnownFileType = sourcecode.swift; path = ImageManager.swift; sourceTree = "<group>"; };
		815337A51B10284900FC5DA5 /* ImageSprite.swift */ = {isa = PBXFileReference; fileEncoding = 4; lastKnownFileType = sourcecode.swift; path = ImageSprite.swift; sourceTree = "<group>"; };
		816B7E961B17E0920021C6DB /* SectionBar.png */ = {isa = PBXFileReference; lastKnownFileType = image.png; path = SectionBar.png; sourceTree = "<group>"; };
/* End PBXFileReference section */

/* Begin PBXFrameworksBuildPhase section */
		815337751B10240900FC5DA5 /* Frameworks */ = {
			isa = PBXFrameworksBuildPhase;
			buildActionMask = 2147483647;
			files = (
			);
			runOnlyForDeploymentPostprocessing = 0;
		};
		8153378E1B10240900FC5DA5 /* Frameworks */ = {
			isa = PBXFrameworksBuildPhase;
			buildActionMask = 2147483647;
			files = (
			);
			runOnlyForDeploymentPostprocessing = 0;
		};
/* End PBXFrameworksBuildPhase section */

/* Begin PBXGroup section */
		8153376F1B10240900FC5DA5 = {
			isa = PBXGroup;
			children = (
				8153377A1B10240900FC5DA5 /* SpriteImageTest */,
				815337941B10240900FC5DA5 /* SpriteImageTestTests */,
				815337791B10240900FC5DA5 /* Products */,
			);
			sourceTree = "<group>";
		};
		815337791B10240900FC5DA5 /* Products */ = {
			isa = PBXGroup;
			children = (
				815337781B10240900FC5DA5 /* SpriteImageTest.app */,
				815337911B10240900FC5DA5 /* SpriteImageTestTests.xctest */,
			);
			name = Products;
			sourceTree = "<group>";
		};
		8153377A1B10240900FC5DA5 /* SpriteImageTest */ = {
			isa = PBXGroup;
			children = (
				816B7E961B17E0920021C6DB /* SectionBar.png */,
				815337A11B1025E000FC5DA5 /* AssetManager.swift */,
				815337A21B1025E000FC5DA5 /* ImageManager.swift */,
				8153377D1B10240900FC5DA5 /* AppDelegate.swift */,
				8153377F1B10240900FC5DA5 /* GameScene.sks */,
				815337811B10240900FC5DA5 /* GameScene.swift */,
				815337A51B10284900FC5DA5 /* ImageSprite.swift */,
				815337831B10240900FC5DA5 /* GameViewController.swift */,
				815337851B10240900FC5DA5 /* Main.storyboard */,
				815337881B10240900FC5DA5 /* Images.xcassets */,
				8153378A1B10240900FC5DA5 /* LaunchScreen.xib */,
				8153377B1B10240900FC5DA5 /* Supporting Files */,
			);
			path = SpriteImageTest;
			sourceTree = "<group>";
		};
		8153377B1B10240900FC5DA5 /* Supporting Files */ = {
			isa = PBXGroup;
			children = (
				8153377C1B10240900FC5DA5 /* Info.plist */,
			);
			name = "Supporting Files";
			sourceTree = "<group>";
		};
		815337941B10240900FC5DA5 /* SpriteImageTestTests */ = {
			isa = PBXGroup;
			children = (
				815337971B10240900FC5DA5 /* SpriteImageTestTests.swift */,
				815337951B10240900FC5DA5 /* Supporting Files */,
			);
			path = SpriteImageTestTests;
			sourceTree = "<group>";
		};
		815337951B10240900FC5DA5 /* Supporting Files */ = {
			isa = PBXGroup;
			children = (
				815337961B10240900FC5DA5 /* Info.plist */,
			);
			name = "Supporting Files";
			sourceTree = "<group>";
		};
/* End PBXGroup section */

/* Begin PBXNativeTarget section */
		815337771B10240900FC5DA5 /* SpriteImageTest */ = {
			isa = PBXNativeTarget;
			buildConfigurationList = 8153379B1B10240900FC5DA5 /* Build configuration list for PBXNativeTarget "SpriteImageTest" */;
			buildPhases = (
				815337741B10240900FC5DA5 /* Sources */,
				815337751B10240900FC5DA5 /* Frameworks */,
				815337761B10240900FC5DA5 /* Resources */,
			);
			buildRules = (
			);
			dependencies = (
			);
			name = SpriteImageTest;
			productName = SpriteImageTest;
			productReference = 815337781B10240900FC5DA5 /* SpriteImageTest.app */;
			productType = "com.apple.product-type.application";
		};
		815337901B10240900FC5DA5 /* SpriteImageTestTests */ = {
			isa = PBXNativeTarget;
			buildConfigurationList = 8153379E1B10240900FC5DA5 /* Build configuration list for PBXNativeTarget "SpriteImageTestTests" */;
			buildPhases = (
				8153378D1B10240900FC5DA5 /* Sources */,
				8153378E1B10240900FC5DA5 /* Frameworks */,
				8153378F1B10240900FC5DA5 /* Resources */,
			);
			buildRules = (
			);
			dependencies = (
				815337931B10240900FC5DA5 /* PBXTargetDependency */,
			);
			name = SpriteImageTestTests;
			productName = SpriteImageTestTests;
			productReference = 815337911B10240900FC5DA5 /* SpriteImageTestTests.xctest */;
			productType = "com.apple.product-type.bundle.unit-test";
		};
/* End PBXNativeTarget section */

/* Begin PBXProject section */
		815337701B10240900FC5DA5 /* Project object */ = {
			isa = PBXProject;
			attributes = {
				LastUpgradeCheck = 0630;
				ORGANIZATIONNAME = AizawaTakashi;
				TargetAttributes = {
					815337771B10240900FC5DA5 = {
						CreatedOnToolsVersion = 6.3.1;
					};
					815337901B10240900FC5DA5 = {
						CreatedOnToolsVersion = 6.3.1;
						TestTargetID = 815337771B10240900FC5DA5;
					};
				};
			};
			buildConfigurationList = 815337731B10240900FC5DA5 /* Build configuration list for PBXProject "SpriteImageTest" */;
			compatibilityVersion = "Xcode 3.2";
			developmentRegion = English;
			hasScannedForEncodings = 0;
			knownRegions = (
				en,
				Base,
			);
			mainGroup = 8153376F1B10240900FC5DA5;
			productRefGroup = 815337791B10240900FC5DA5 /* Products */;
			projectDirPath = "";
			projectRoot = "";
			targets = (
				815337771B10240900FC5DA5 /* SpriteImageTest */,
				815337901B10240900FC5DA5 /* SpriteImageTestTests */,
			);
		};
/* End PBXProject section */

/* Begin PBXResourcesBuildPhase section */
		815337761B10240900FC5DA5 /* Resources */ = {
			isa = PBXResourcesBuildPhase;
			buildActionMask = 2147483647;
			files = (
				816B7E971B17E0920021C6DB /* SectionBar.png in Resources */,
				8153378C1B10240900FC5DA5 /* LaunchScreen.xib in Resources */,
				815337891B10240900FC5DA5 /* Images.xcassets in Resources */,
				815337801B10240900FC5DA5 /* GameScene.sks in Resources */,
				815337871B10240900FC5DA5 /* Main.storyboard in Resources */,
			);
			runOnlyForDeploymentPostprocessing = 0;
		};
		8153378F1B10240900FC5DA5 /* Resources */ = {
			isa = PBXResourcesBuildPhase;
			buildActionMask = 2147483647;
			files = (
			);
			runOnlyForDeploymentPostprocessing = 0;
		};
/* End PBXResourcesBuildPhase section */

/* Begin PBXSourcesBuildPhase section */
		815337741B10240900FC5DA5 /* Sources */ = {
			isa = PBXSourcesBuildPhase;
			buildActionMask = 2147483647;
			files = (
				815337A31B1025E000FC5DA5 /* AssetManager.swift in Sources */,
				815337A41B1025E000FC5DA5 /* ImageManager.swift in Sources */,
				815337821B10240900FC5DA5 /* GameScene.swift in Sources */,
				815337841B10240900FC5DA5 /* GameViewController.swift in Sources */,
				815337A61B10284900FC5DA5 /* ImageSprite.swift in Sources */,
				8153377E1B10240900FC5DA5 /* AppDelegate.swift in Sources */,
			);
			runOnlyForDeploymentPostprocessing = 0;
		};
		8153378D1B10240900FC5DA5 /* Sources */ = {
			isa = PBXSourcesBuildPhase;
			buildActionMask = 2147483647;
			files = (
				815337981B10240900FC5DA5 /* SpriteImageTestTests.swift in Sources */,
			);
			runOnlyForDeploymentPostprocessing = 0;
		};
/* End PBXSourcesBuildPhase section */

/* Begin PBXTargetDependency section */
		815337931B10240900FC5DA5 /* PBXTargetDependency */ = {
			isa = PBXTargetDependency;
			target = 815337771B10240900FC5DA5 /* SpriteImageTest */;
			targetProxy = 815337921B10240900FC5DA5 /* PBXContainerItemProxy */;
		};
/* End PBXTargetDependency section */

/* Begin PBXVariantGroup section */
		815337851B10240900FC5DA5 /* Main.storyboard */ = {
			isa = PBXVariantGroup;
			children = (
				815337861B10240900FC5DA5 /* Base */,
			);
			name = Main.storyboard;
			sourceTree = "<group>";
		};
		8153378A1B10240900FC5DA5 /* LaunchScreen.xib */ = {
			isa = PBXVariantGroup;
			children = (
				8153378B1B10240900FC5DA5 /* Base */,
			);
			name = LaunchScreen.xib;
			sourceTree = "<group>";
		};
/* End PBXVariantGroup section */

/* Begin XCBuildConfiguration section */
		815337991B10240900FC5DA5 /* Debug */ = {
			isa = XCBuildConfiguration;
			buildSettings = {
				ALWAYS_SEARCH_USER_PATHS = NO;
				CLANG_CXX_LANGUAGE_STANDARD = "gnu++0x";
				CLANG_CXX_LIBRARY = "libc++";
				CLANG_ENABLE_MODULES = YES;
				CLANG_ENABLE_OBJC_ARC = YES;
				CLANG_WARN_BOOL_CONVERSION = YES;
				CLANG_WARN_CONSTANT_CONVERSION = YES;
				CLANG_WARN_DIRECT_OBJC_ISA_USAGE = YES_ERROR;
				CLANG_WARN_EMPTY_BODY = YES;
				CLANG_WARN_ENUM_CONVERSION = YES;
				CLANG_WARN_INT_CONVERSION = YES;
				CLANG_WARN_OBJC_ROOT_CLASS = YES_ERROR;
				CLANG_WARN_UNREACHABLE_CODE = YES;
				CLANG_WARN__DUPLICATE_METHOD_MATCH = YES;
				"CODE_SIGN_IDENTITY[sdk=iphoneos*]" = "iPhone Developer";
				COPY_PHASE_STRIP = NO;
				DEBUG_INFORMATION_FORMAT = "dwarf-with-dsym";
				ENABLE_STRICT_OBJC_MSGSEND = YES;
				GCC_C_LANGUAGE_STANDARD = gnu99;
				GCC_DYNAMIC_NO_PIC = NO;
				GCC_NO_COMMON_BLOCKS = YES;
				GCC_OPTIMIZATION_LEVEL = 0;
				GCC_PREPROCESSOR_DEFINITIONS = (
					"DEBUG=1",
					"$(inherited)",
				);
				GCC_SYMBOLS_PRIVATE_EXTERN = NO;
				GCC_WARN_64_TO_32_BIT_CONVERSION = YES;
				GCC_WARN_ABOUT_RETURN_TYPE = YES_ERROR;
				GCC_WARN_UNDECLARED_SELECTOR = YES;
				GCC_WARN_UNINITIALIZED_AUTOS = YES_AGGRESSIVE;
				GCC_WARN_UNUSED_FUNCTION = YES;
				GCC_WARN_UNUSED_VARIABLE = YES;
				IPHONEOS_DEPLOYMENT_TARGET = 8.3;
				MTL_ENABLE_DEBUG_INFO = YES;
				ONLY_ACTIVE_ARCH = YES;
				SDKROOT = iphoneos;
				SWIFT_OPTIMIZATION_LEVEL = "-Onone";
				TARGETED_DEVICE_FAMILY = "1,2";
			};
			name = Debug;
		};
		8153379A1B10240900FC5DA5 /* Release */ = {
			isa = XCBuildConfiguration;
			buildSettings = {
				ALWAYS_SEARCH_USER_PATHS = NO;
				CLANG_CXX_LANGUAGE_STANDARD = "gnu++0x";
				CLANG_CXX_LIBRARY = "libc++";
				CLANG_ENABLE_MODULES = YES;
				CLANG_ENABLE_OBJC_ARC = YES;
				CLANG_WARN_BOOL_CONVERSION = YES;
				CLANG_WARN_CONSTANT_CONVERSION = YES;
				CLANG_WARN_DIRECT_OBJC_ISA_USAGE = YES_ERROR;
				CLANG_WARN_EMPTY_BODY = YES;
				CLANG_WARN_ENUM_CONVERSION = YES;
				CLANG_WARN_INT_CONVERSION = YES;
				CLANG_WARN_OBJC_ROOT_CLASS = YES_ERROR;
				CLANG_WARN_UNREACHABLE_CODE = YES;
				CLANG_WARN__DUPLICATE_METHOD_MATCH = YES;
				"CODE_SIGN_IDENTITY[sdk=iphoneos*]" = "iPhone Developer";
				COPY_PHASE_STRIP = NO;
				DEBUG_INFORMATION_FORMAT = "dwarf-with-dsym";
				ENABLE_NS_ASSERTIONS = NO;
				ENABLE_STRICT_OBJC_MSGSEND = YES;
				GCC_C_LANGUAGE_STANDARD = gnu99;
				GCC_NO_COMMON_BLOCKS = YES;
				GCC_WARN_64_TO_32_BIT_CONVERSION = YES;
				GCC_WARN_ABOUT_RETURN_TYPE = YES_ERROR;
				GCC_WARN_UNDECLARED_SELECTOR = YES;
				GCC_WARN_UNINITIALIZED_AUTOS = YES_AGGRESSIVE;
				GCC_WARN_UNUSED_FUNCTION = YES;
				GCC_WARN_UNUSED_VARIABLE = YES;
				IPHONEOS_DEPLOYMENT_TARGET = 8.3;
				MTL_ENABLE_DEBUG_INFO = NO;
				SDKROOT = iphoneos;
				TARGETED_DEVICE_FAMILY = "1,2";
				VALIDATE_PRODUCT = YES;
			};
			name = Release;
		};
		8153379C1B10240900FC5DA5 /* Debug */ = {
			isa = XCBuildConfiguration;
			buildSettings = {
				ASSETCATALOG_COMPILER_APPICON_NAME = AppIcon;
				INFOPLIST_FILE = SpriteImageTest/Info.plist;
				LD_RUNPATH_SEARCH_PATHS = "$(inherited) @executable_path/Frameworks";
				PRODUCT_NAME = "$(TARGET_NAME)";
			};
			name = Debug;
		};
		8153379D1B10240900FC5DA5 /* Release */ = {
			isa = XCBuildConfiguration;
			buildSettings = {
				ASSETCATALOG_COMPILER_APPICON_NAME = AppIcon;
				INFOPLIST_FILE = SpriteImageTest/Info.plist;
				LD_RUNPATH_SEARCH_PATHS = "$(inherited) @executable_path/Frameworks";
				PRODUCT_NAME = "$(TARGET_NAME)";
			};
			name = Release;
		};
		8153379F1B10240900FC5DA5 /* Debug */ = {
			isa = XCBuildConfiguration;
			buildSettings = {
				BUNDLE_LOADER = "$(TEST_HOST)";
				FRAMEWORK_SEARCH_PATHS = (
					"$(SDKROOT)/Developer/Library/Frameworks",
					"$(inherited)",
				);
				GCC_PREPROCESSOR_DEFINITIONS = (
					"DEBUG=1",
					"$(inherited)",
				);
				INFOPLIST_FILE = SpriteImageTestTests/Info.plist;
				LD_RUNPATH_SEARCH_PATHS = "$(inherited) @executable_path/Frameworks @loader_path/Frameworks";
				PRODUCT_NAME = "$(TARGET_NAME)";
				TEST_HOST = "$(BUILT_PRODUCTS_DIR)/SpriteImageTest.app/SpriteImageTest";
			};
			name = Debug;
		};
		815337A01B10240900FC5DA5 /* Release */ = {
			isa = XCBuildConfiguration;
			buildSettings = {
				BUNDLE_LOADER = "$(TEST_HOST)";
				FRAMEWORK_SEARCH_PATHS = (
					"$(SDKROOT)/Developer/Library/Frameworks",
					"$(inherited)",
				);
				INFOPLIST_FILE = SpriteImageTestTests/Info.plist;
				LD_RUNPATH_SEARCH_PATHS = "$(inherited) @executable_path/Frameworks @loader_path/Frameworks";
				PRODUCT_NAME = "$(TARGET_NAME)";
				TEST_HOST = "$(BUILT_PRODUCTS_DIR)/SpriteImageTest.app/SpriteImageTest";
			};
			name = Release;
		};
/* End XCBuildConfiguration section */

/* Begin XCConfigurationList section */
		815337731B10240900FC5DA5 /* Build configuration list for PBXProject "SpriteImageTest" */ = {
			isa = XCConfigurationList;
			buildConfigurations = (
				815337991B10240900FC5DA5 /* Debug */,
				8153379A1B10240900FC5DA5 /* Release */,
			);
			defaultConfigurationIsVisible = 0;
			defaultConfigurationName = Release;
		};
		8153379B1B10240900FC5DA5 /* Build configuration list for PBXNativeTarget "SpriteImageTest" */ = {
			isa = XCConfigurationList;
			buildConfigurations = (
				8153379C1B10240900FC5DA5 /* Debug */,
				8153379D1B10240900FC5DA5 /* Release */,
			);
			defaultConfigurationIsVisible = 0;
			defaultConfigurationName = Release;
		};
		8153379E1B10240900FC5DA5 /* Build configuration list for PBXNativeTarget "SpriteImageTestTests" */ = {
			isa = XCConfigurationList;
			buildConfigurations = (
				8153379F1B10240900FC5DA5 /* Debug */,
				815337A01B10240900FC5DA5 /* Release */,
			);
			defaultConfigurationIsVisible = 0;
			defaultConfigurationName = Release;
		};
/* End XCConfigurationList section */
	};
	rootObject = 815337701B10240900FC5DA5 /* Project object */;
}
